
Microsoft Visual Studio Solution File, Format Version 12.00
# Visual Studio Version 17
VisualStudioVersion = 17.0.31612.314
MinimumVisualStudioVersion = 10.0.40219.1
Project("{9A19103F-16F7-4668-BE54-9A1E7A4F7556}") = "DevTeam.QueryMappings", "DevTeam.QueryMappings\DevTeam.QueryMappings.csproj", "{7DA07E42-392E-482C-9AE8-8152AFCF5D7E}"
EndProject
Project("{9A19103F-16F7-4668-BE54-9A1E7A4F7556}") = "DevTeam.QueryMappings.Tests", "DevTeam.QueryMappings.Tests\DevTeam.QueryMappings.Tests.csproj", "{5071EADB-185A-48BD-AEFC-0C4D99DFF76D}"
EndProject
Project("{9A19103F-16F7-4668-BE54-9A1E7A4F7556}") = "DevTeam.QueryMappings.AspNetCore", "DevTeam.QueryMappings.AspNetCore\DevTeam.QueryMappings.AspNetCore.csproj", "{0C2E3859-41EB-40CC-8DD9-67991C8FEFC3}"
EndProject
Global
	GlobalSection(SolutionConfigurationPlatforms) = preSolution
		Debug|Any CPU = Debug|Any CPU
		Release|Any CPU = Release|Any CPU
	EndGlobalSection
	GlobalSection(ProjectConfigurationPlatforms) = postSolution
		{7DA07E42-392E-482C-9AE8-8152AFCF5D7E}.Debug|Any CPU.ActiveCfg = Debug|Any CPU
		{7DA07E42-392E-482C-9AE8-8152AFCF5D7E}.Debug|Any CPU.Build.0 = Debug|Any CPU
		{7DA07E42-392E-482C-9AE8-8152AFCF5D7E}.Release|Any CPU.ActiveCfg = Release|Any CPU
		{7DA07E42-392E-482C-9AE8-8152AFCF5D7E}.Release|Any CPU.Build.0 = Release|Any CPU
		{5071EADB-185A-48BD-AEFC-0C4D99DFF76D}.Debug|Any CPU.ActiveCfg = Debug|Any CPU
		{5071EADB-185A-48BD-AEFC-0C4D99DFF76D}.Debug|Any CPU.Build.0 = Debug|Any CPU
		{5071EADB-185A-48BD-AEFC-0C4D99DFF76D}.Release|Any CPU.ActiveCfg = Release|Any CPU
		{5071EADB-185A-48BD-AEFC-0C4D99DFF76D}.Release|Any CPU.Build.0 = Release|Any CPU
		{0C2E3859-41EB-40CC-8DD9-67991C8FEFC3}.Debug|Any CPU.ActiveCfg = Debug|Any CPU
		{0C2E3859-41EB-40CC-8DD9-67991C8FEFC3}.Debug|Any CPU.Build.0 = Debug|Any CPU
		{0C2E3859-41EB-40CC-8DD9-67991C8FEFC3}.Release|Any CPU.ActiveCfg = Release|Any CPU
		{0C2E3859-41EB-40CC-8DD9-67991C8FEFC3}.Release|Any CPU.Build.0 = Release|Any CPU
	EndGlobalSection
	GlobalSection(SolutionProperties) = preSolution
		HideSolutionNode = FALSE
	EndGlobalSection
	GlobalSection(ExtensibilityGlobals) = postSolution
		SolutionGuid = {010AC59E-51F0-45D8-A2B7-63EDDC50C2E2}
	EndGlobalSection
EndGlobal
